{
    "name": "kingdomarchitect",
    "version": "1.0.0",
    "lockfileVersion": 3,
    "requires": true,
    "packages": {
        "": {
            "name": "kingdomarchitect",
            "version": "1.0.0",
            "license": "Kingdom Architect Open License (KAOL-1.0)",
            "dependencies": {
                "@types/node": "^24.3.1",
                "@types/pngjs": "^6.0.5",
                "@typescript/native-preview": "^7.0.0-dev.20251003.1",
                "maxrects-packer": "^2.7.3",
                "pngjs": "^7.0.0",
                "prettier": "^3.5.3",
                "rollup": "^4.52.4",
                "rollup-plugin-sourcemaps2": "^0.5.4",
                "typescript": "^5.9.2"
            }
        },
        "node_modules/@rollup/pluginutils": {
            "version": "5.2.0",
            "resolved": "https://registry.npmjs.org/@rollup/pluginutils/-/pluginutils-5.2.0.tgz",
            "integrity": "sha512-qWJ2ZTbmumwiLFomfzTyt5Kng4hwPi9rwCYN4SHb6eaRU1KNO4ccxINHr/VhH4GgPlt1XfSTLX2LBTme8ne4Zw==",
            "license": "MIT",
            "dependencies": {
                "@types/estree": "^1.0.0",
                "estree-walker": "^2.0.2",
                "picomatch": "^4.0.2"
            },
            "engines": {
                "node": ">=14.0.0"
            },
            "peerDependencies": {
                "rollup": "^1.20.0||^2.0.0||^3.0.0||^4.0.0"
            },
            "peerDependenciesMeta": {
                "rollup": {
                    "optional": true
                }
            }
        },
        "node_modules/@rollup/rollup-android-arm-eabi": {
            "version": "4.52.4",
            "resolved": "https://registry.npmjs.org/@rollup/rollup-android-arm-eabi/-/rollup-android-arm-eabi-4.52.4.tgz",
            "integrity": "sha512-BTm2qKNnWIQ5auf4deoetINJm2JzvihvGb9R6K/ETwKLql/Bb3Eg2H1FBp1gUb4YGbydMA3jcmQTR73q7J+GAA==",
            "cpu": [
                "arm"
            ],
            "license": "MIT",
            "optional": true,
            "os": [
                "android"
            ]
        },
        "node_modules/@rollup/rollup-android-arm64": {
            "version": "4.52.4",
            "resolved": "https://registry.npmjs.org/@rollup/rollup-android-arm64/-/rollup-android-arm64-4.52.4.tgz",
            "integrity": "sha512-P9LDQiC5vpgGFgz7GSM6dKPCiqR3XYN1WwJKA4/BUVDjHpYsf3iBEmVz62uyq20NGYbiGPR5cNHI7T1HqxNs2w==",
            "cpu": [
                "arm64"
            ],
            "license": "MIT",
            "optional": true,
            "os": [
                "android"
            ]
        },
        "node_modules/@rollup/rollup-darwin-arm64": {
            "version": "4.52.4",
            "resolved": "https://registry.npmjs.org/@rollup/rollup-darwin-arm64/-/rollup-darwin-arm64-4.52.4.tgz",
            "integrity": "sha512-QRWSW+bVccAvZF6cbNZBJwAehmvG9NwfWHwMy4GbWi/BQIA/laTIktebT2ipVjNncqE6GLPxOok5hsECgAxGZg==",
            "cpu": [
                "arm64"
            ],
            "license": "MIT",
            "optional": true,
            "os": [
                "darwin"
            ]
        },
        "node_modules/@rollup/rollup-darwin-x64": {
            "version": "4.52.4",
            "resolved": "https://registry.npmjs.org/@rollup/rollup-darwin-x64/-/rollup-darwin-x64-4.52.4.tgz",
            "integrity": "sha512-hZgP05pResAkRJxL1b+7yxCnXPGsXU0fG9Yfd6dUaoGk+FhdPKCJ5L1Sumyxn8kvw8Qi5PvQ8ulenUbRjzeCTw==",
            "cpu": [
                "x64"
            ],
            "license": "MIT",
            "optional": true,
            "os": [
                "darwin"
            ]
        },
        "node_modules/@rollup/rollup-freebsd-arm64": {
            "version": "4.52.4",
            "resolved": "https://registry.npmjs.org/@rollup/rollup-freebsd-arm64/-/rollup-freebsd-arm64-4.52.4.tgz",
            "integrity": "sha512-xmc30VshuBNUd58Xk4TKAEcRZHaXlV+tCxIXELiE9sQuK3kG8ZFgSPi57UBJt8/ogfhAF5Oz4ZSUBN77weM+mQ==",
            "cpu": [
                "arm64"
            ],
            "license": "MIT",
            "optional": true,
            "os": [
                "freebsd"
            ]
        },
        "node_modules/@rollup/rollup-freebsd-x64": {
            "version": "4.52.4",
            "resolved": "https://registry.npmjs.org/@rollup/rollup-freebsd-x64/-/rollup-freebsd-x64-4.52.4.tgz",
            "integrity": "sha512-WdSLpZFjOEqNZGmHflxyifolwAiZmDQzuOzIq9L27ButpCVpD7KzTRtEG1I0wMPFyiyUdOO+4t8GvrnBLQSwpw==",
            "cpu": [
                "x64"
            ],
            "license": "MIT",
            "optional": true,
            "os": [
                "freebsd"
            ]
        },
        "node_modules/@rollup/rollup-linux-arm-gnueabihf": {
            "version": "4.52.4",
            "resolved": "https://registry.npmjs.org/@rollup/rollup-linux-arm-gnueabihf/-/rollup-linux-arm-gnueabihf-4.52.4.tgz",
            "integrity": "sha512-xRiOu9Of1FZ4SxVbB0iEDXc4ddIcjCv2aj03dmW8UrZIW7aIQ9jVJdLBIhxBI+MaTnGAKyvMwPwQnoOEvP7FgQ==",
            "cpu": [
                "arm"
            ],
            "license": "MIT",
            "optional": true,
            "os": [
                "linux"
            ]
        },
        "node_modules/@rollup/rollup-linux-arm-musleabihf": {
            "version": "4.52.4",
            "resolved": "https://registry.npmjs.org/@rollup/rollup-linux-arm-musleabihf/-/rollup-linux-arm-musleabihf-4.52.4.tgz",
            "integrity": "sha512-FbhM2p9TJAmEIEhIgzR4soUcsW49e9veAQCziwbR+XWB2zqJ12b4i/+hel9yLiD8pLncDH4fKIPIbt5238341Q==",
            "cpu": [
                "arm"
            ],
            "license": "MIT",
            "optional": true,
            "os": [
                "linux"
            ]
        },
        "node_modules/@rollup/rollup-linux-arm64-gnu": {
            "version": "4.52.4",
            "resolved": "https://registry.npmjs.org/@rollup/rollup-linux-arm64-gnu/-/rollup-linux-arm64-gnu-4.52.4.tgz",
            "integrity": "sha512-4n4gVwhPHR9q/g8lKCyz0yuaD0MvDf7dV4f9tHt0C73Mp8h38UCtSCSE6R9iBlTbXlmA8CjpsZoujhszefqueg==",
            "cpu": [
                "arm64"
            ],
            "license": "MIT",
            "optional": true,
            "os": [
                "linux"
            ]
        },
        "node_modules/@rollup/rollup-linux-arm64-musl": {
            "version": "4.52.4",
            "resolved": "https://registry.npmjs.org/@rollup/rollup-linux-arm64-musl/-/rollup-linux-arm64-musl-4.52.4.tgz",
            "integrity": "sha512-u0n17nGA0nvi/11gcZKsjkLj1QIpAuPFQbR48Subo7SmZJnGxDpspyw2kbpuoQnyK+9pwf3pAoEXerJs/8Mi9g==",
            "cpu": [
                "arm64"
            ],
            "license": "MIT",
            "optional": true,
            "os": [
                "linux"
            ]
        },
        "node_modules/@rollup/rollup-linux-loong64-gnu": {
            "version": "4.52.4",
            "resolved": "https://registry.npmjs.org/@rollup/rollup-linux-loong64-gnu/-/rollup-linux-loong64-gnu-4.52.4.tgz",
            "integrity": "sha512-0G2c2lpYtbTuXo8KEJkDkClE/+/2AFPdPAbmaHoE870foRFs4pBrDehilMcrSScrN/fB/1HTaWO4bqw+ewBzMQ==",
            "cpu": [
                "loong64"
            ],
            "license": "MIT",
            "optional": true,
            "os": [
                "linux"
            ]
        },
        "node_modules/@rollup/rollup-linux-ppc64-gnu": {
            "version": "4.52.4",
            "resolved": "https://registry.npmjs.org/@rollup/rollup-linux-ppc64-gnu/-/rollup-linux-ppc64-gnu-4.52.4.tgz",
            "integrity": "sha512-teSACug1GyZHmPDv14VNbvZFX779UqWTsd7KtTM9JIZRDI5NUwYSIS30kzI8m06gOPB//jtpqlhmraQ68b5X2g==",
            "cpu": [
                "ppc64"
            ],
            "license": "MIT",
            "optional": true,
            "os": [
                "linux"
            ]
        },
        "node_modules/@rollup/rollup-linux-riscv64-gnu": {
            "version": "4.52.4",
            "resolved": "https://registry.npmjs.org/@rollup/rollup-linux-riscv64-gnu/-/rollup-linux-riscv64-gnu-4.52.4.tgz",
            "integrity": "sha512-/MOEW3aHjjs1p4Pw1Xk4+3egRevx8Ji9N6HUIA1Ifh8Q+cg9dremvFCUbOX2Zebz80BwJIgCBUemjqhU5XI5Eg==",
            "cpu": [
                "riscv64"
            ],
            "license": "MIT",
            "optional": true,
            "os": [
                "linux"
            ]
        },
        "node_modules/@rollup/rollup-linux-riscv64-musl": {
            "version": "4.52.4",
            "resolved": "https://registry.npmjs.org/@rollup/rollup-linux-riscv64-musl/-/rollup-linux-riscv64-musl-4.52.4.tgz",
            "integrity": "sha512-1HHmsRyh845QDpEWzOFtMCph5Ts+9+yllCrREuBR/vg2RogAQGGBRC8lDPrPOMnrdOJ+mt1WLMOC2Kao/UwcvA==",
            "cpu": [
                "riscv64"
            ],
            "license": "MIT",
            "optional": true,
            "os": [
                "linux"
            ]
        },
        "node_modules/@rollup/rollup-linux-s390x-gnu": {
            "version": "4.52.4",
            "resolved": "https://registry.npmjs.org/@rollup/rollup-linux-s390x-gnu/-/rollup-linux-s390x-gnu-4.52.4.tgz",
            "integrity": "sha512-seoeZp4L/6D1MUyjWkOMRU6/iLmCU2EjbMTyAG4oIOs1/I82Y5lTeaxW0KBfkUdHAWN7j25bpkt0rjnOgAcQcA==",
            "cpu": [
                "s390x"
            ],
            "license": "MIT",
            "optional": true,
            "os": [
                "linux"
            ]
        },
        "node_modules/@rollup/rollup-linux-x64-gnu": {
            "version": "4.52.4",
            "resolved": "https://registry.npmjs.org/@rollup/rollup-linux-x64-gnu/-/rollup-linux-x64-gnu-4.52.4.tgz",
            "integrity": "sha512-Wi6AXf0k0L7E2gteNsNHUs7UMwCIhsCTs6+tqQ5GPwVRWMaflqGec4Sd8n6+FNFDw9vGcReqk2KzBDhCa1DLYg==",
            "cpu": [
                "x64"
            ],
            "license": "MIT",
            "optional": true,
            "os": [
                "linux"
            ]
        },
        "node_modules/@rollup/rollup-linux-x64-musl": {
            "version": "4.52.4",
            "resolved": "https://registry.npmjs.org/@rollup/rollup-linux-x64-musl/-/rollup-linux-x64-musl-4.52.4.tgz",
            "integrity": "sha512-dtBZYjDmCQ9hW+WgEkaffvRRCKm767wWhxsFW3Lw86VXz/uJRuD438/XvbZT//B96Vs8oTA8Q4A0AfHbrxP9zw==",
            "cpu": [
                "x64"
            ],
            "license": "MIT",
            "optional": true,
            "os": [
                "linux"
            ]
        },
        "node_modules/@rollup/rollup-openharmony-arm64": {
            "version": "4.52.4",
            "resolved": "https://registry.npmjs.org/@rollup/rollup-openharmony-arm64/-/rollup-openharmony-arm64-4.52.4.tgz",
            "integrity": "sha512-1ox+GqgRWqaB1RnyZXL8PD6E5f7YyRUJYnCqKpNzxzP0TkaUh112NDrR9Tt+C8rJ4x5G9Mk8PQR3o7Ku2RKqKA==",
            "cpu": [
                "arm64"
            ],
            "license": "MIT",
            "optional": true,
            "os": [
                "openharmony"
            ]
        },
        "node_modules/@rollup/rollup-win32-arm64-msvc": {
            "version": "4.52.4",
            "resolved": "https://registry.npmjs.org/@rollup/rollup-win32-arm64-msvc/-/rollup-win32-arm64-msvc-4.52.4.tgz",
            "integrity": "sha512-8GKr640PdFNXwzIE0IrkMWUNUomILLkfeHjXBi/nUvFlpZP+FA8BKGKpacjW6OUUHaNI6sUURxR2U2g78FOHWQ==",
            "cpu": [
                "arm64"
            ],
            "license": "MIT",
            "optional": true,
            "os": [
                "win32"
            ]
        },
        "node_modules/@rollup/rollup-win32-ia32-msvc": {
            "version": "4.52.4",
            "resolved": "https://registry.npmjs.org/@rollup/rollup-win32-ia32-msvc/-/rollup-win32-ia32-msvc-4.52.4.tgz",
            "integrity": "sha512-AIy/jdJ7WtJ/F6EcfOb2GjR9UweO0n43jNObQMb6oGxkYTfLcnN7vYYpG+CN3lLxrQkzWnMOoNSHTW54pgbVxw==",
            "cpu": [
                "ia32"
            ],
            "license": "MIT",
            "optional": true,
            "os": [
                "win32"
            ]
        },
        "node_modules/@rollup/rollup-win32-x64-gnu": {
            "version": "4.52.4",
            "resolved": "https://registry.npmjs.org/@rollup/rollup-win32-x64-gnu/-/rollup-win32-x64-gnu-4.52.4.tgz",
            "integrity": "sha512-UF9KfsH9yEam0UjTwAgdK0anlQ7c8/pWPU2yVjyWcF1I1thABt6WXE47cI71pGiZ8wGvxohBoLnxM04L/wj8mQ==",
            "cpu": [
                "x64"
            ],
            "license": "MIT",
            "optional": true,
            "os": [
                "win32"
            ]
        },
        "node_modules/@rollup/rollup-win32-x64-msvc": {
            "version": "4.52.4",
            "resolved": "https://registry.npmjs.org/@rollup/rollup-win32-x64-msvc/-/rollup-win32-x64-msvc-4.52.4.tgz",
            "integrity": "sha512-bf9PtUa0u8IXDVxzRToFQKsNCRz9qLYfR/MpECxl4mRoWYjAeFjgxj1XdZr2M/GNVpT05p+LgQOHopYDlUu6/w==",
            "cpu": [
                "x64"
            ],
            "license": "MIT",
            "optional": true,
            "os": [
                "win32"
            ]
        },
        "node_modules/@types/estree": {
            "version": "1.0.8",
            "resolved": "https://registry.npmjs.org/@types/estree/-/estree-1.0.8.tgz",
            "integrity": "sha512-dWHzHa2WqEXI/O1E9OjrocMTKJl2mSrEolh1Iomrv6U+JuNwaHXsXx9bLu5gG7BUWFIN0skIQJQ/L1rIex4X6w==",
            "license": "MIT"
        },
        "node_modules/@types/node": {
            "version": "24.6.0",
            "resolved": "https://registry.npmjs.org/@types/node/-/node-24.6.0.tgz",
            "integrity": "sha512-F1CBxgqwOMc4GKJ7eY22hWhBVQuMYTtqI8L0FcszYcpYX0fzfDGpez22Xau8Mgm7O9fI+zA/TYIdq3tGWfweBA==",
            "license": "MIT",
            "dependencies": {
                "undici-types": "~7.13.0"
            }
        },
        "node_modules/@types/pngjs": {
            "version": "6.0.5",
            "resolved": "https://registry.npmjs.org/@types/pngjs/-/pngjs-6.0.5.tgz",
            "integrity": "sha512-0k5eKfrA83JOZPppLtS2C7OUtyNAl2wKNxfyYl9Q5g9lPkgBl/9hNyAu6HuEH2J4XmIv2znEpkDd0SaZVxW6iQ==",
            "license": "MIT",
            "dependencies": {
                "@types/node": "*"
            }
        },
        "node_modules/@typescript/native-preview": {
            "version": "7.0.0-dev.20251003.1",
            "resolved": "https://registry.npmjs.org/@typescript/native-preview/-/native-preview-7.0.0-dev.20251003.1.tgz",
            "integrity": "sha512-SB51lH81jSPaSVbHm9oRLG0No7OWecwoqFuIhERsvcxqS4kWtTIbU+ypUbCOsxz02Sauh0JVh4OhmmalmDCO7Q==",
            "license": "Apache-2.0",
            "bin": {
                "tsgo": "bin/tsgo.js"
            },
            "optionalDependencies": {
                "@typescript/native-preview-darwin-arm64": "7.0.0-dev.20251003.1",
                "@typescript/native-preview-darwin-x64": "7.0.0-dev.20251003.1",
                "@typescript/native-preview-linux-arm": "7.0.0-dev.20251003.1",
                "@typescript/native-preview-linux-arm64": "7.0.0-dev.20251003.1",
                "@typescript/native-preview-linux-x64": "7.0.0-dev.20251003.1",
                "@typescript/native-preview-win32-arm64": "7.0.0-dev.20251003.1",
                "@typescript/native-preview-win32-x64": "7.0.0-dev.20251003.1"
            }
        },
        "node_modules/@typescript/native-preview-darwin-arm64": {
            "version": "7.0.0-dev.20251003.1",
            "resolved": "https://registry.npmjs.org/@typescript/native-preview-darwin-arm64/-/native-preview-darwin-arm64-7.0.0-dev.20251003.1.tgz",
            "integrity": "sha512-kvxPHeCo2dkHMt2w0kcWBhe6FDv2VOdeBZIW/Lml0TI7sMz+ycEVDJ46acuS8xqSQbtcjjqk/Q9OSP/qQKJr6Q==",
            "cpu": [
                "arm64"
            ],
            "license": "Apache-2.0",
            "optional": true,
            "os": [
                "darwin"
            ]
        },
        "node_modules/@typescript/native-preview-darwin-x64": {
            "version": "7.0.0-dev.20251003.1",
            "resolved": "https://registry.npmjs.org/@typescript/native-preview-darwin-x64/-/native-preview-darwin-x64-7.0.0-dev.20251003.1.tgz",
            "integrity": "sha512-gJwM2B5TTpBf4kr4/Q6dOGFZuab/AVloj5sIcFdVT+NqNgTEHPkn6BH657Lb43FoCfudNzcMn1qFvo6B7S5RuA==",
            "cpu": [
                "x64"
            ],
            "license": "Apache-2.0",
            "optional": true,
            "os": [
                "darwin"
            ]
        },
        "node_modules/@typescript/native-preview-linux-arm": {
            "version": "7.0.0-dev.20251003.1",
            "resolved": "https://registry.npmjs.org/@typescript/native-preview-linux-arm/-/native-preview-linux-arm-7.0.0-dev.20251003.1.tgz",
            "integrity": "sha512-LqbUC+qxNW4Y/Bxldo45mrnHLKwzPmnCO6hDxtD1S3/AB39YPA89Fe2M8TnbpI5e7HCXBw4l0vIyC38PEsuaYg==",
            "cpu": [
                "arm"
            ],
            "license": "Apache-2.0",
            "optional": true,
            "os": [
                "linux"
            ]
        },
        "node_modules/@typescript/native-preview-linux-arm64": {
            "version": "7.0.0-dev.20251003.1",
            "resolved": "https://registry.npmjs.org/@typescript/native-preview-linux-arm64/-/native-preview-linux-arm64-7.0.0-dev.20251003.1.tgz",
            "integrity": "sha512-7kkXJFpD6Qvzfqka8RDCdKKn76GWm0USsuO3FH4cBZT/PLeOhe2/Vq4V4FZ17iZ6jr1M7g4X6UyD6a7udBZ5jA==",
            "cpu": [
                "arm64"
            ],
            "license": "Apache-2.0",
            "optional": true,
            "os": [
                "linux"
            ]
        },
        "node_modules/@typescript/native-preview-linux-x64": {
            "version": "7.0.0-dev.20251003.1",
            "resolved": "https://registry.npmjs.org/@typescript/native-preview-linux-x64/-/native-preview-linux-x64-7.0.0-dev.20251003.1.tgz",
            "integrity": "sha512-xkbrkDPQu/5QXR/l4rYrOfESIwZgeC5LDeCC3YmX0qMfZmoqYjVoW72B6lNmY/zypxRx1i5qY7gJsiECjoD3Gg==",
            "cpu": [
                "x64"
            ],
            "license": "Apache-2.0",
            "optional": true,
            "os": [
                "linux"
            ]
        },
        "node_modules/@typescript/native-preview-win32-arm64": {
            "version": "7.0.0-dev.20251003.1",
            "resolved": "https://registry.npmjs.org/@typescript/native-preview-win32-arm64/-/native-preview-win32-arm64-7.0.0-dev.20251003.1.tgz",
            "integrity": "sha512-jYOzReq0VD4R++pcc/SDYHu/+aMNPY3OLt6FUo9WSau13VmJSpgZaNiUzPBe2urPC9g2KSb7wvHc6nhG/44TZw==",
            "cpu": [
                "arm64"
            ],
            "license": "Apache-2.0",
            "optional": true,
            "os": [
                "win32"
            ]
        },
        "node_modules/@typescript/native-preview-win32-x64": {
            "version": "7.0.0-dev.20251003.1",
            "resolved": "https://registry.npmjs.org/@typescript/native-preview-win32-x64/-/native-preview-win32-x64-7.0.0-dev.20251003.1.tgz",
            "integrity": "sha512-dlYP6+rIFP+gj4NuG3Kyp4h81202xOAbsS7xCA+Pc37Gdjo19ggKx+DdTyWN4bZFZPrzvClQ0wGYpECq6K+Nug==",
            "cpu": [
                "x64"
            ],
            "license": "Apache-2.0",
            "optional": true,
            "os": [
                "win32"
            ]
        },
        "node_modules/estree-walker": {
            "version": "2.0.2",
            "resolved": "https://registry.npmjs.org/estree-walker/-/estree-walker-2.0.2.tgz",
            "integrity": "sha512-Rfkk/Mp/DL7JVje3u18FxFujQlTNR2q6QfMSMB7AvCBx91NGj/ba3kCfza0f6dVDbw7YlRf/nDrn7pQrCCyQ/w==",
            "license": "MIT"
        },
        "node_modules/fsevents": {
            "version": "2.3.3",
            "resolved": "https://registry.npmjs.org/fsevents/-/fsevents-2.3.3.tgz",
            "integrity": "sha512-5xoDfX+fL7faATnagmWPpbFtwh/R77WmMMqqHGS65C3vvB0YHrgF+B1YmZ3441tMj5n63k0212XNoJwzlhffQw==",
            "hasInstallScript": true,
            "license": "MIT",
            "optional": true,
            "os": [
                "darwin"
            ],
            "engines": {
                "node": "^8.16.0 || ^10.6.0 || >=11.0.0"
            }
        },
        "node_modules/maxrects-packer": {
            "version": "2.7.3",
            "resolved": "https://registry.npmjs.org/maxrects-packer/-/maxrects-packer-2.7.3.tgz",
            "integrity": "sha512-bG6qXujJ1QgttZVIH4WDanhoJtvbud/xP/XPyf6A69C9RdA61BM4TomFALCq2nrTa+tARRIBB4LuIFsnUQU2wA==",
            "license": "MIT"
        },
        "node_modules/picomatch": {
            "version": "4.0.3",
            "resolved": "https://registry.npmjs.org/picomatch/-/picomatch-4.0.3.tgz",
            "integrity": "sha512-5gTmgEY/sqK6gFXLIsQNH19lWb4ebPDLA4SdLP7dsWkIXHWlG66oPuVvXSGFPppYZz8ZDZq0dYYrbHfBCVUb1Q==",
            "license": "MIT",
            "engines": {
                "node": ">=12"
            },
            "funding": {
                "url": "https://github.com/sponsors/jonschlinkert"
            }
        },
        "node_modules/pngjs": {
            "version": "7.0.0",
            "resolved": "https://registry.npmjs.org/pngjs/-/pngjs-7.0.0.tgz",
            "integrity": "sha512-LKWqWJRhstyYo9pGvgor/ivk2w94eSjE3RGVuzLGlr3NmD8bf7RcYGze1mNdEHRP6TRP6rMuDHk5t44hnTRyow==",
            "license": "MIT",
            "engines": {
                "node": ">=14.19.0"
            }
        },
        "node_modules/prettier": {
            "version": "3.6.2",
            "resolved": "https://registry.npmjs.org/prettier/-/prettier-3.6.2.tgz",
            "integrity": "sha512-I7AIg5boAr5R0FFtJ6rCfD+LFsWHp81dolrFD8S79U9tb8Az2nGrJncnMSnys+bpQJfRUzqs9hnA81OAA3hCuQ==",
            "license": "MIT",
            "bin": {
                "prettier": "bin/prettier.cjs"
            },
            "engines": {
                "node": ">=14"
            },
            "funding": {
                "url": "https://github.com/prettier/prettier?sponsor=1"
            }
        },
        "node_modules/rollup": {
            "version": "4.52.4",
            "resolved": "https://registry.npmjs.org/rollup/-/rollup-4.52.4.tgz",
            "integrity": "sha512-CLEVl+MnPAiKh5pl4dEWSyMTpuflgNQiLGhMv8ezD5W/qP8AKvmYpCOKRRNOh7oRKnauBZ4SyeYkMS+1VSyKwQ==",
            "license": "MIT",
            "dependencies": {
                "@types/estree": "1.0.8"
            },
            "bin": {
                "rollup": "dist/bin/rollup"
            },
            "engines": {
                "node": ">=18.0.0",
                "npm": ">=8.0.0"
            },
            "optionalDependencies": {
                "@rollup/rollup-android-arm-eabi": "4.52.4",
                "@rollup/rollup-android-arm64": "4.52.4",
                "@rollup/rollup-darwin-arm64": "4.52.4",
                "@rollup/rollup-darwin-x64": "4.52.4",
                "@rollup/rollup-freebsd-arm64": "4.52.4",
                "@rollup/rollup-freebsd-x64": "4.52.4",
                "@rollup/rollup-linux-arm-gnueabihf": "4.52.4",
                "@rollup/rollup-linux-arm-musleabihf": "4.52.4",
                "@rollup/rollup-linux-arm64-gnu": "4.52.4",
                "@rollup/rollup-linux-arm64-musl": "4.52.4",
                "@rollup/rollup-linux-loong64-gnu": "4.52.4",
                "@rollup/rollup-linux-ppc64-gnu": "4.52.4",
                "@rollup/rollup-linux-riscv64-gnu": "4.52.4",
                "@rollup/rollup-linux-riscv64-musl": "4.52.4",
                "@rollup/rollup-linux-s390x-gnu": "4.52.4",
                "@rollup/rollup-linux-x64-gnu": "4.52.4",
                "@rollup/rollup-linux-x64-musl": "4.52.4",
                "@rollup/rollup-openharmony-arm64": "4.52.4",
                "@rollup/rollup-win32-arm64-msvc": "4.52.4",
                "@rollup/rollup-win32-ia32-msvc": "4.52.4",
                "@rollup/rollup-win32-x64-gnu": "4.52.4",
                "@rollup/rollup-win32-x64-msvc": "4.52.4",
                "fsevents": "~2.3.2"
            }
        },
        "node_modules/rollup-plugin-sourcemaps2": {
            "version": "0.5.4",
            "resolved": "https://registry.npmjs.org/rollup-plugin-sourcemaps2/-/rollup-plugin-sourcemaps2-0.5.4.tgz",
            "integrity": "sha512-XK6ITvEsKtUFN1GQbYKoqilwh1yKxTS9BLaFlVsm0IaYUYe3eVnhBWzKP4AHbkBO2BNOheGNlf407K7wCj6Rrw==",
            "license": "MIT",
            "dependencies": {
                "@rollup/pluginutils": "5.2.0"
            },
            "engines": {
                "node": ">=18.0.0"
            },
            "peerDependencies": {
                "@types/node": ">=18.0.0",
                "rollup": ">=4"
            },
            "peerDependenciesMeta": {
                "@types/node": {
                    "optional": true
                }
            }
        },
        "node_modules/typescript": {
            "version": "5.9.2",
            "resolved": "https://registry.npmjs.org/typescript/-/typescript-5.9.2.tgz",
            "integrity": "sha512-CWBzXQrc/qOkhidw1OzBTQuYRbfyxDXJMVJ1XNwUHGROVmuaeiEm3OslpZ1RV96d7SKKjZKrSJu3+t/xlw3R9A==",
            "license": "Apache-2.0",
            "bin": {
                "tsc": "bin/tsc",
                "tsserver": "bin/tsserver"
            },
            "engines": {
                "node": ">=14.17"
            }
        },
        "node_modules/undici-types": {
            "version": "7.13.0",
            "resolved": "https://registry.npmjs.org/undici-types/-/undici-types-7.13.0.tgz",
            "integrity": "sha512-Ov2Rr9Sx+fRgagJ5AX0qvItZG/JKKoBRAVITs1zk7IqZGTJUwgUr7qoYBpWwakpWilTZFM98rG/AFRocu10iIQ==",
            "license": "MIT"
        }
    }
}
