{
    "name": "kingdomarchitect",
    "version": "1.0.0",
    "lockfileVersion": 3,
    "requires": true,
    "packages": {
        "": {
            "name": "kingdomarchitect",
            "version": "1.0.0",
            "license": "Kingdom Architect Open License (KAOL-1.0)",
            "dependencies": {
                "@types/node": "^24.0.3",
                "@types/pngjs": "^6.0.5",
                "maxrects-packer": "^2.7.3",
                "oxlint": "^1.5.0",
                "pngjs": "^7.0.0",
                "prettier": "^3.5.3",
                "rolldown": "^1.0.0-beta.19",
                "typescript": "^5.8.3"
            }
        },
        "node_modules/@emnapi/core": {
            "version": "1.4.3",
            "resolved": "https://registry.npmjs.org/@emnapi/core/-/core-1.4.3.tgz",
            "integrity": "sha512-4m62DuCE07lw01soJwPiBGC0nAww0Q+RY70VZ+n49yDIO13yyinhbWCeNnaob0lakDtWQzSdtNWzJeOJt2ma+g==",
            "license": "MIT",
            "optional": true,
            "dependencies": {
                "@emnapi/wasi-threads": "1.0.2",
                "tslib": "^2.4.0"
            }
        },
        "node_modules/@emnapi/runtime": {
            "version": "1.4.3",
            "resolved": "https://registry.npmjs.org/@emnapi/runtime/-/runtime-1.4.3.tgz",
            "integrity": "sha512-pBPWdu6MLKROBX05wSNKcNb++m5Er+KQ9QkB+WVM+pW2Kx9hoSrVTnu3BdkI5eBLZoKu/J6mW/B6i6bJB2ytXQ==",
            "license": "MIT",
            "optional": true,
            "dependencies": {
                "tslib": "^2.4.0"
            }
        },
        "node_modules/@emnapi/wasi-threads": {
            "version": "1.0.2",
            "resolved": "https://registry.npmjs.org/@emnapi/wasi-threads/-/wasi-threads-1.0.2.tgz",
            "integrity": "sha512-5n3nTJblwRi8LlXkJ9eBzu+kZR8Yxcc7ubakyQTFzPMtIhFpUBRbsnc2Dv88IZDIbCDlBiWrknhB4Lsz7mg6BA==",
            "license": "MIT",
            "optional": true,
            "dependencies": {
                "tslib": "^2.4.0"
            }
        },
        "node_modules/@napi-rs/wasm-runtime": {
            "version": "0.2.11",
            "resolved": "https://registry.npmjs.org/@napi-rs/wasm-runtime/-/wasm-runtime-0.2.11.tgz",
            "integrity": "sha512-9DPkXtvHydrcOsopiYpUgPHpmj0HWZKMUnL2dZqpvC42lsratuBG06V5ipyno0fUek5VlFsNQ+AcFATSrJXgMA==",
            "license": "MIT",
            "optional": true,
            "dependencies": {
                "@emnapi/core": "^1.4.3",
                "@emnapi/runtime": "^1.4.3",
                "@tybys/wasm-util": "^0.9.0"
            }
        },
        "node_modules/@oxc-project/runtime": {
            "version": "0.75.0",
            "resolved": "https://registry.npmjs.org/@oxc-project/runtime/-/runtime-0.75.0.tgz",
            "integrity": "sha512-gzRmVI/vorsPmbDXt7GD4Uh2lD3rCOku/1xWPB4Yx48k0EP4TZmzQudWapjN4+7Vv+rgXr0RqCHQadeaMvdBuw==",
            "license": "MIT",
            "engines": {
                "node": ">=6.9.0"
            }
        },
        "node_modules/@oxc-project/types": {
            "version": "0.75.0",
            "resolved": "https://registry.npmjs.org/@oxc-project/types/-/types-0.75.0.tgz",
            "integrity": "sha512-QMW+06WOXs7+F301Y3X0VpmWhwuQVc/X/RP2zF9OIwvSMmsif3xURS2wxbakFIABYsytgBcHpUcFepVS0Qnd3A==",
            "license": "MIT",
            "funding": {
                "url": "https://github.com/sponsors/Boshen"
            }
        },
        "node_modules/@oxlint/darwin-arm64": {
            "version": "1.6.0",
            "resolved": "https://registry.npmjs.org/@oxlint/darwin-arm64/-/darwin-arm64-1.6.0.tgz",
            "integrity": "sha512-m3wyqBh1TOHjpr/dXeIZY7OoX+MQazb+bMHQdDtwUvefrafUx+5YHRvulYh1sZSQ449nQ3nk3qj5qj535vZRjg==",
            "cpu": [
                "arm64"
            ],
            "license": "MIT",
            "optional": true,
            "os": [
                "darwin"
            ]
        },
        "node_modules/@oxlint/darwin-x64": {
            "version": "1.6.0",
            "resolved": "https://registry.npmjs.org/@oxlint/darwin-x64/-/darwin-x64-1.6.0.tgz",
            "integrity": "sha512-75fJfF/9xNypr7cnOYoZBhfmG1yP7ex3pUOeYGakmtZRffO9z1i1quLYhjZsmaDXsAIZ3drMhenYHMmFKS3SRg==",
            "cpu": [
                "x64"
            ],
            "license": "MIT",
            "optional": true,
            "os": [
                "darwin"
            ]
        },
        "node_modules/@oxlint/linux-arm64-gnu": {
            "version": "1.6.0",
            "resolved": "https://registry.npmjs.org/@oxlint/linux-arm64-gnu/-/linux-arm64-gnu-1.6.0.tgz",
            "integrity": "sha512-YhXGf0FXa72bEt4F7eTVKx5X3zWpbAOPnaA/dZ6/g8tGhw1m9IFjrabVHFjzcx3dQny4MgA59EhyElkDvpUe8A==",
            "cpu": [
                "arm64"
            ],
            "license": "MIT",
            "optional": true,
            "os": [
                "linux"
            ]
        },
        "node_modules/@oxlint/linux-arm64-musl": {
            "version": "1.6.0",
            "resolved": "https://registry.npmjs.org/@oxlint/linux-arm64-musl/-/linux-arm64-musl-1.6.0.tgz",
            "integrity": "sha512-T3JDhx8mjGjvh5INsPZJrlKHmZsecgDYvtvussKRdkc1Nnn7WC+jH9sh5qlmYvwzvmetlPVNezAoNvmGO9vtMg==",
            "cpu": [
                "arm64"
            ],
            "license": "MIT",
            "optional": true,
            "os": [
                "linux"
            ]
        },
        "node_modules/@oxlint/linux-x64-gnu": {
            "version": "1.6.0",
            "resolved": "https://registry.npmjs.org/@oxlint/linux-x64-gnu/-/linux-x64-gnu-1.6.0.tgz",
            "integrity": "sha512-Dx7ghtAl8aXBdqofJpi338At6lkeCtTfoinTYQXd9/TEJx+f+zCGNlQO6nJz3ydJBX48FDuOFKkNC+lUlWrd8w==",
            "cpu": [
                "x64"
            ],
            "license": "MIT",
            "optional": true,
            "os": [
                "linux"
            ]
        },
        "node_modules/@oxlint/linux-x64-musl": {
            "version": "1.6.0",
            "resolved": "https://registry.npmjs.org/@oxlint/linux-x64-musl/-/linux-x64-musl-1.6.0.tgz",
            "integrity": "sha512-7KvMGdWmAZtAtg6IjoEJHKxTXdAcrHnUnqfgs0JpXst7trquV2mxBeRZusQXwxpu4HCSomKMvJfsp1qKaqSFDg==",
            "cpu": [
                "x64"
            ],
            "license": "MIT",
            "optional": true,
            "os": [
                "linux"
            ]
        },
        "node_modules/@oxlint/win32-arm64": {
            "version": "1.6.0",
            "resolved": "https://registry.npmjs.org/@oxlint/win32-arm64/-/win32-arm64-1.6.0.tgz",
            "integrity": "sha512-iSGC9RwX+dl7o5KFr5aH7Gq3nFbkq/3Gda6mxNPMvNkWrgXdIyiINxpyD8hJu566M+QSv1wEAu934BZotFDyoQ==",
            "cpu": [
                "arm64"
            ],
            "license": "MIT",
            "optional": true,
            "os": [
                "win32"
            ]
        },
        "node_modules/@oxlint/win32-x64": {
            "version": "1.6.0",
            "resolved": "https://registry.npmjs.org/@oxlint/win32-x64/-/win32-x64-1.6.0.tgz",
            "integrity": "sha512-jOj3L/gfLc0IwgOTkZMiZ5c673i/hbAmidlaylT0gE6H18hln9HxPgp5GCf4E4y6mwEJlW8QC5hQi221+9otdA==",
            "cpu": [
                "x64"
            ],
            "license": "MIT",
            "optional": true,
            "os": [
                "win32"
            ]
        },
        "node_modules/@rolldown/binding-darwin-arm64": {
            "version": "1.0.0-beta.23",
            "resolved": "https://registry.npmjs.org/@rolldown/binding-darwin-arm64/-/binding-darwin-arm64-1.0.0-beta.23.tgz",
            "integrity": "sha512-rppgXFU4+dNDPQvPsfovUuYfDgMoATDomKGjIRR5bIU98BYkQF1fm+87trApilfWSosLQP9JsXOoUJO/EMrspQ==",
            "cpu": [
                "arm64"
            ],
            "license": "MIT",
            "optional": true,
            "os": [
                "darwin"
            ]
        },
        "node_modules/@rolldown/binding-darwin-x64": {
            "version": "1.0.0-beta.23",
            "resolved": "https://registry.npmjs.org/@rolldown/binding-darwin-x64/-/binding-darwin-x64-1.0.0-beta.23.tgz",
            "integrity": "sha512-aFo1v7GKysuwSAfsyNcBb9mj3M+wxMCu3N+DcTD5eAaz3mFex6l+2b/vLGaTWNrCMoWhRxV8rTaI1eFoMVdSuQ==",
            "cpu": [
                "x64"
            ],
            "license": "MIT",
            "optional": true,
            "os": [
                "darwin"
            ]
        },
        "node_modules/@rolldown/binding-freebsd-x64": {
            "version": "1.0.0-beta.23",
            "resolved": "https://registry.npmjs.org/@rolldown/binding-freebsd-x64/-/binding-freebsd-x64-1.0.0-beta.23.tgz",
            "integrity": "sha512-/NzbXIFIR5KR+fZ351K1qONekakXpiPhUX55ydP6ok8iKdG7bTbgs6dlMg7Ow0E2DKlQoTbZbPTUY3kTzmNrsQ==",
            "cpu": [
                "x64"
            ],
            "license": "MIT",
            "optional": true,
            "os": [
                "freebsd"
            ]
        },
        "node_modules/@rolldown/binding-linux-arm-gnueabihf": {
            "version": "1.0.0-beta.23",
            "resolved": "https://registry.npmjs.org/@rolldown/binding-linux-arm-gnueabihf/-/binding-linux-arm-gnueabihf-1.0.0-beta.23.tgz",
            "integrity": "sha512-vPnCHxjyR4ZVj9x6sLJMCAdBY99RPe6Mnwxb5BSaE6ccHzvy015xtsIEG7H9E9pVj3yfI/om77jrP+YA5IqL3w==",
            "cpu": [
                "arm"
            ],
            "license": "MIT",
            "optional": true,
            "os": [
                "linux"
            ]
        },
        "node_modules/@rolldown/binding-linux-arm64-gnu": {
            "version": "1.0.0-beta.23",
            "resolved": "https://registry.npmjs.org/@rolldown/binding-linux-arm64-gnu/-/binding-linux-arm64-gnu-1.0.0-beta.23.tgz",
            "integrity": "sha512-PFBBnj9JqLOL8gjZtoVGfOXe0PSpnPUXE+JuMcWz568K/p4Zzk7lDDHl7guD95wVtV89TmfaRwK2PWd9vKxHtg==",
            "cpu": [
                "arm64"
            ],
            "license": "MIT",
            "optional": true,
            "os": [
                "linux"
            ]
        },
        "node_modules/@rolldown/binding-linux-arm64-musl": {
            "version": "1.0.0-beta.23",
            "resolved": "https://registry.npmjs.org/@rolldown/binding-linux-arm64-musl/-/binding-linux-arm64-musl-1.0.0-beta.23.tgz",
            "integrity": "sha512-KyQRLofVP78yUCXT90YmEzxK6I9VCBeOTSyOrs40Qx0Q0XwaGVwxo7sKj2SmnqxribdcouBA3CfNZC4ZNcyEnQ==",
            "cpu": [
                "arm64"
            ],
            "license": "MIT",
            "optional": true,
            "os": [
                "linux"
            ]
        },
        "node_modules/@rolldown/binding-linux-x64-gnu": {
            "version": "1.0.0-beta.23",
            "resolved": "https://registry.npmjs.org/@rolldown/binding-linux-x64-gnu/-/binding-linux-x64-gnu-1.0.0-beta.23.tgz",
            "integrity": "sha512-EubfEsJyjQbKK9j3Ez1hhbIOsttABb07Z7PhMRcVYW0wrVr8SfKLew9pULIMfcSNnoz8QqzoI4lOSmezJ9bYWw==",
            "cpu": [
                "x64"
            ],
            "license": "MIT",
            "optional": true,
            "os": [
                "linux"
            ]
        },
        "node_modules/@rolldown/binding-linux-x64-musl": {
            "version": "1.0.0-beta.23",
            "resolved": "https://registry.npmjs.org/@rolldown/binding-linux-x64-musl/-/binding-linux-x64-musl-1.0.0-beta.23.tgz",
            "integrity": "sha512-MUAthvl3I/+hySltZuj5ClKiq8fAMqExeBnxadLFShwWCbdHKFd+aRjBxxzarPcnqbDlTaOCUaAaYmQTOTOHSg==",
            "cpu": [
                "x64"
            ],
            "license": "MIT",
            "optional": true,
            "os": [
                "linux"
            ]
        },
        "node_modules/@rolldown/binding-wasm32-wasi": {
            "version": "1.0.0-beta.23",
            "resolved": "https://registry.npmjs.org/@rolldown/binding-wasm32-wasi/-/binding-wasm32-wasi-1.0.0-beta.23.tgz",
            "integrity": "sha512-YI7QMQU01QFVNTEaQt3ysrq+wGBwLdFVFEGO64CoZ3gTsr/HulU8gvgR+67coQOlQC9iO/Hm1bvkBtceLxKrnA==",
            "cpu": [
                "wasm32"
            ],
            "license": "MIT",
            "optional": true,
            "dependencies": {
                "@napi-rs/wasm-runtime": "^0.2.10"
            },
            "engines": {
                "node": ">=14.21.3"
            }
        },
        "node_modules/@rolldown/binding-win32-arm64-msvc": {
            "version": "1.0.0-beta.23",
            "resolved": "https://registry.npmjs.org/@rolldown/binding-win32-arm64-msvc/-/binding-win32-arm64-msvc-1.0.0-beta.23.tgz",
            "integrity": "sha512-JdHx6Hli53etB/QsZL1tjpf4qa87kNcwPdx4iVicP/kL7po6k5bHoS5/l/nRRccwPh7BlPlB2uoEuTwJygJosQ==",
            "cpu": [
                "arm64"
            ],
            "license": "MIT",
            "optional": true,
            "os": [
                "win32"
            ]
        },
        "node_modules/@rolldown/binding-win32-ia32-msvc": {
            "version": "1.0.0-beta.23",
            "resolved": "https://registry.npmjs.org/@rolldown/binding-win32-ia32-msvc/-/binding-win32-ia32-msvc-1.0.0-beta.23.tgz",
            "integrity": "sha512-rMZ0QBmcDND97+5unXxquKvSudV8tz6S7tBY3gOYlqMFEDIRX0BAgxaqQBQbq34ZxB9bXwGdjuau3LZHGreB6g==",
            "cpu": [
                "ia32"
            ],
            "license": "MIT",
            "optional": true,
            "os": [
                "win32"
            ]
        },
        "node_modules/@rolldown/binding-win32-x64-msvc": {
            "version": "1.0.0-beta.23",
            "resolved": "https://registry.npmjs.org/@rolldown/binding-win32-x64-msvc/-/binding-win32-x64-msvc-1.0.0-beta.23.tgz",
            "integrity": "sha512-0PqE7vGIpA+XT+qxAYJQKTrB5zz8vJiuCOInfY/ks/QOs6ZZ9Os8bdNkcpCy4rYo+GMZn0Q8CwyPu4uexWB1aA==",
            "cpu": [
                "x64"
            ],
            "license": "MIT",
            "optional": true,
            "os": [
                "win32"
            ]
        },
        "node_modules/@rolldown/pluginutils": {
            "version": "1.0.0-beta.23",
            "resolved": "https://registry.npmjs.org/@rolldown/pluginutils/-/pluginutils-1.0.0-beta.23.tgz",
            "integrity": "sha512-lLCP4LUecUGBLq8EfkbY2esGYyvZj5ee+WZG12+mVnQH48b46SVbwp+0vJkD+6Pnsc+u9SWarBV9sQ5mVwmb5g==",
            "license": "MIT"
        },
        "node_modules/@tybys/wasm-util": {
            "version": "0.9.0",
            "resolved": "https://registry.npmjs.org/@tybys/wasm-util/-/wasm-util-0.9.0.tgz",
            "integrity": "sha512-6+7nlbMVX/PVDCwaIQ8nTOPveOcFLSt8GcXdx8hD0bt39uWxYT88uXzqTd4fTvqta7oeUJqudepapKNt2DYJFw==",
            "license": "MIT",
            "optional": true,
            "dependencies": {
                "tslib": "^2.4.0"
            }
        },
        "node_modules/@types/node": {
            "version": "24.0.10",
            "resolved": "https://registry.npmjs.org/@types/node/-/node-24.0.10.tgz",
            "integrity": "sha512-ENHwaH+JIRTDIEEbDK6QSQntAYGtbvdDXnMXnZaZ6k13Du1dPMmprkEHIL7ok2Wl2aZevetwTAb5S+7yIF+enA==",
            "license": "MIT",
            "dependencies": {
                "undici-types": "~7.8.0"
            }
        },
        "node_modules/@types/pngjs": {
            "version": "6.0.5",
            "resolved": "https://registry.npmjs.org/@types/pngjs/-/pngjs-6.0.5.tgz",
            "integrity": "sha512-0k5eKfrA83JOZPppLtS2C7OUtyNAl2wKNxfyYl9Q5g9lPkgBl/9hNyAu6HuEH2J4XmIv2znEpkDd0SaZVxW6iQ==",
            "license": "MIT",
            "dependencies": {
                "@types/node": "*"
            }
        },
        "node_modules/ansis": {
            "version": "4.1.0",
            "resolved": "https://registry.npmjs.org/ansis/-/ansis-4.1.0.tgz",
            "integrity": "sha512-BGcItUBWSMRgOCe+SVZJ+S7yTRG0eGt9cXAHev72yuGcY23hnLA7Bky5L/xLyPINoSN95geovfBkqoTlNZYa7w==",
            "license": "ISC",
            "engines": {
                "node": ">=14"
            }
        },
        "node_modules/maxrects-packer": {
            "version": "2.7.3",
            "resolved": "https://registry.npmjs.org/maxrects-packer/-/maxrects-packer-2.7.3.tgz",
            "integrity": "sha512-bG6qXujJ1QgttZVIH4WDanhoJtvbud/xP/XPyf6A69C9RdA61BM4TomFALCq2nrTa+tARRIBB4LuIFsnUQU2wA==",
            "license": "MIT"
        },
        "node_modules/oxlint": {
            "version": "1.6.0",
            "resolved": "https://registry.npmjs.org/oxlint/-/oxlint-1.6.0.tgz",
            "integrity": "sha512-jtaD65PqzIa1udvSxxscTKBxYKuZoFXyKGLiU1Qjo1ulq3uv/fQDtoV1yey1FrQZrQjACGPi1Widsy1TucC7Jg==",
            "license": "MIT",
            "bin": {
                "oxc_language_server": "bin/oxc_language_server",
                "oxlint": "bin/oxlint"
            },
            "engines": {
                "node": ">=8.*"
            },
            "funding": {
                "url": "https://github.com/sponsors/Boshen"
            },
            "optionalDependencies": {
                "@oxlint/darwin-arm64": "1.6.0",
                "@oxlint/darwin-x64": "1.6.0",
                "@oxlint/linux-arm64-gnu": "1.6.0",
                "@oxlint/linux-arm64-musl": "1.6.0",
                "@oxlint/linux-x64-gnu": "1.6.0",
                "@oxlint/linux-x64-musl": "1.6.0",
                "@oxlint/win32-arm64": "1.6.0",
                "@oxlint/win32-x64": "1.6.0"
            }
        },
        "node_modules/pngjs": {
            "version": "7.0.0",
            "resolved": "https://registry.npmjs.org/pngjs/-/pngjs-7.0.0.tgz",
            "integrity": "sha512-LKWqWJRhstyYo9pGvgor/ivk2w94eSjE3RGVuzLGlr3NmD8bf7RcYGze1mNdEHRP6TRP6rMuDHk5t44hnTRyow==",
            "license": "MIT",
            "engines": {
                "node": ">=14.19.0"
            }
        },
        "node_modules/prettier": {
            "version": "3.6.2",
            "resolved": "https://registry.npmjs.org/prettier/-/prettier-3.6.2.tgz",
            "integrity": "sha512-I7AIg5boAr5R0FFtJ6rCfD+LFsWHp81dolrFD8S79U9tb8Az2nGrJncnMSnys+bpQJfRUzqs9hnA81OAA3hCuQ==",
            "license": "MIT",
            "bin": {
                "prettier": "bin/prettier.cjs"
            },
            "engines": {
                "node": ">=14"
            },
            "funding": {
                "url": "https://github.com/prettier/prettier?sponsor=1"
            }
        },
        "node_modules/rolldown": {
            "version": "1.0.0-beta.23",
            "resolved": "https://registry.npmjs.org/rolldown/-/rolldown-1.0.0-beta.23.tgz",
            "integrity": "sha512-+/TR2YSZxLTtDAfG9LHlYqsHO6jtvr9qxaRD77E+PCAQi5X47bJkgiZsjDmE1jGR19NfYegWToOvSe6E+8NfwA==",
            "license": "MIT",
            "dependencies": {
                "@oxc-project/runtime": "=0.75.0",
                "@oxc-project/types": "=0.75.0",
                "@rolldown/pluginutils": "1.0.0-beta.23",
                "ansis": "^4.0.0"
            },
            "bin": {
                "rolldown": "bin/cli.mjs"
            },
            "optionalDependencies": {
                "@rolldown/binding-darwin-arm64": "1.0.0-beta.23",
                "@rolldown/binding-darwin-x64": "1.0.0-beta.23",
                "@rolldown/binding-freebsd-x64": "1.0.0-beta.23",
                "@rolldown/binding-linux-arm-gnueabihf": "1.0.0-beta.23",
                "@rolldown/binding-linux-arm64-gnu": "1.0.0-beta.23",
                "@rolldown/binding-linux-arm64-musl": "1.0.0-beta.23",
                "@rolldown/binding-linux-x64-gnu": "1.0.0-beta.23",
                "@rolldown/binding-linux-x64-musl": "1.0.0-beta.23",
                "@rolldown/binding-wasm32-wasi": "1.0.0-beta.23",
                "@rolldown/binding-win32-arm64-msvc": "1.0.0-beta.23",
                "@rolldown/binding-win32-ia32-msvc": "1.0.0-beta.23",
                "@rolldown/binding-win32-x64-msvc": "1.0.0-beta.23"
            }
        },
        "node_modules/tslib": {
            "version": "2.8.1",
            "resolved": "https://registry.npmjs.org/tslib/-/tslib-2.8.1.tgz",
            "integrity": "sha512-oJFu94HQb+KVduSUQL7wnpmqnfmLsOA/nAh6b6EH0wCEoK0/mPeXU6c3wKDV83MkOuHPRHtSXKKU99IBazS/2w==",
            "license": "0BSD",
            "optional": true
        },
        "node_modules/typescript": {
            "version": "5.8.3",
            "resolved": "https://registry.npmjs.org/typescript/-/typescript-5.8.3.tgz",
            "integrity": "sha512-p1diW6TqL9L07nNxvRMM7hMMw4c5XOo/1ibL4aAIGmSAt9slTE1Xgw5KWuof2uTOvCg9BY7ZRi+GaF+7sfgPeQ==",
            "license": "Apache-2.0",
            "bin": {
                "tsc": "bin/tsc",
                "tsserver": "bin/tsserver"
            },
            "engines": {
                "node": ">=14.17"
            }
        },
        "node_modules/undici-types": {
            "version": "7.8.0",
            "resolved": "https://registry.npmjs.org/undici-types/-/undici-types-7.8.0.tgz",
            "integrity": "sha512-9UJ2xGDvQ43tYyVMpuHlsgApydB8ZKfVYTsLDhXkFL/6gfkp+U8xTGdh8pMJv1SpZna0zxG1DwsKZsreLbXBxw==",
            "license": "MIT"
        }
    }
}
